
Microsoft Visual Studio Solution File, Format Version 12.00
# Visual Studio Version 17
VisualStudioVersion = 17.5.33516.290
MinimumVisualStudioVersion = 10.0.40219.1
Project("{9A19103F-16F7-4668-BE54-9A1E7A4F7556}") = "SingleWindow", "SingleWindow\SingleWindow.csproj", "{20A08976-9096-4169-894E-C179A1C08992}"
EndProject
Project("{FAE04EC0-301F-11D3-BF4B-00C04F79EFBC}") = "Avalonia.SingleWindow", "Avalonia.SingleWindow\Avalonia.SingleWindow.csproj", "{2C5593F3-63E4-415A-9944-39EEE1888396}"
EndProject
Global
	GlobalSection(SolutionConfigurationPlatforms) = preSolution
		Debug|Any CPU = Debug|Any CPU
		Release|Any CPU = Release|Any CPU
	EndGlobalSection
	GlobalSection(ProjectConfigurationPlatforms) = postSolution
		{20A08976-9096-4169-894E-C179A1C08992}.Debug|Any CPU.ActiveCfg = Debug|Any CPU
		{20A08976-9096-4169-894E-C179A1C08992}.Debug|Any CPU.Build.0 = Debug|Any CPU
		{20A08976-9096-4169-894E-C179A1C08992}.Release|Any CPU.ActiveCfg = Release|Any CPU
		{20A08976-9096-4169-894E-C179A1C08992}.Release|Any CPU.Build.0 = Release|Any CPU
		{2C5593F3-63E4-415A-9944-39EEE1888396}.Debug|Any CPU.ActiveCfg = Debug|Any CPU
		{2C5593F3-63E4-415A-9944-39EEE1888396}.Debug|Any CPU.Build.0 = Debug|Any CPU
		{2C5593F3-63E4-415A-9944-39EEE1888396}.Release|Any CPU.ActiveCfg = Release|Any CPU
		{2C5593F3-63E4-415A-9944-39EEE1888396}.Release|Any CPU.Build.0 = Release|Any CPU
	EndGlobalSection
	GlobalSection(SolutionProperties) = preSolution
		HideSolutionNode = FALSE
	EndGlobalSection
	GlobalSection(ExtensibilityGlobals) = postSolution
		SolutionGuid = {A862E454-62E5-4D19-A59D-0D87DA50F389}
	EndGlobalSection
EndGlobal
